
Microsoft Visual Studio Solution File, Format Version 12.00
# Visual Studio Version 17
VisualStudioVersion = 17.5.33530.505
MinimumVisualStudioVersion = 10.0.40219.1
Project("{FAE04EC0-301F-11D3-BF4B-00C04F79EFBC}") = "XFSQLiteEncrypt.Android", "XFSQLiteEncrypt\XFSQLiteEncrypt.Android\XFSQLiteEncrypt.Android.csproj", "{0C8782FB-9DF9-48B0-8417-5CF931E4C706}"
EndProject
Project("{FAE04EC0-301F-11D3-BF4B-00C04F79EFBC}") = "XFSQLiteEncrypt.iOS", "XFSQLiteEncrypt\XFSQLiteEncrypt.iOS\XFSQLiteEncrypt.iOS.csproj", "{291F7229-FBF8-4953-AE89-AE7FF8124B03}"
EndProject
Project("{FAE04EC0-301F-11D3-BF4B-00C04F79EFBC}") = "XFSQLiteEncrypt", "XFSQLiteEncrypt\XFSQLiteEncrypt\XFSQLiteEncrypt.csproj", "{539D89AC-7ACF-491A-AC8F-BE363359748F}"
EndProject
Global
	GlobalSection(SolutionConfigurationPlatforms) = preSolution
		Debug|Any CPU = Debug|Any CPU
		Debug|iPhone = Debug|iPhone
		Debug|iPhoneSimulator = Debug|iPhoneSimulator
		Release|Any CPU = Release|Any CPU
		Release|iPhone = Release|iPhone
		Release|iPhoneSimulator = Release|iPhoneSimulator
	EndGlobalSection
	GlobalSection(ProjectConfigurationPlatforms) = postSolution
		{0C8782FB-9DF9-48B0-8417-5CF931E4C706}.Debug|Any CPU.ActiveCfg = Debug|Any CPU
		{0C8782FB-9DF9-48B0-8417-5CF931E4C706}.Debug|Any CPU.Build.0 = Debug|Any CPU
		{0C8782FB-9DF9-48B0-8417-5CF931E4C706}.Debug|Any CPU.Deploy.0 = Debug|Any CPU
		{0C8782FB-9DF9-48B0-8417-5CF931E4C706}.Debug|iPhone.ActiveCfg = Debug|Any CPU
		{0C8782FB-9DF9-48B0-8417-5CF931E4C706}.Debug|iPhone.Build.0 = Debug|Any CPU
		{0C8782FB-9DF9-48B0-8417-5CF931E4C706}.Debug|iPhone.Deploy.0 = Debug|Any CPU
		{0C8782FB-9DF9-48B0-8417-5CF931E4C706}.Debug|iPhoneSimulator.ActiveCfg = Debug|Any CPU
		{0C8782FB-9DF9-48B0-8417-5CF931E4C706}.Debug|iPhoneSimulator.Build.0 = Debug|Any CPU
		{0C8782FB-9DF9-48B0-8417-5CF931E4C706}.Debug|iPhoneSimulator.Deploy.0 = Debug|Any CPU
		{0C8782FB-9DF9-48B0-8417-5CF931E4C706}.Release|Any CPU.ActiveCfg = Release|Any CPU
		{0C8782FB-9DF9-48B0-8417-5CF931E4C706}.Release|Any CPU.Build.0 = Release|Any CPU
		{0C8782FB-9DF9-48B0-8417-5CF931E4C706}.Release|Any CPU.Deploy.0 = Release|Any CPU
		{0C8782FB-9DF9-48B0-8417-5CF931E4C706}.Release|iPhone.ActiveCfg = Release|Any CPU
		{0C8782FB-9DF9-48B0-8417-5CF931E4C706}.Release|iPhone.Build.0 = Release|Any CPU
		{0C8782FB-9DF9-48B0-8417-5CF931E4C706}.Release|iPhone.Deploy.0 = Release|Any CPU
		{0C8782FB-9DF9-48B0-8417-5CF931E4C706}.Release|iPhoneSimulator.ActiveCfg = Release|Any CPU
		{0C8782FB-9DF9-48B0-8417-5CF931E4C706}.Release|iPhoneSimulator.Build.0 = Release|Any CPU
		{0C8782FB-9DF9-48B0-8417-5CF931E4C706}.Release|iPhoneSimulator.Deploy.0 = Release|Any CPU
		{291F7229-FBF8-4953-AE89-AE7FF8124B03}.Debug|Any CPU.ActiveCfg = Debug|iPhone
		{291F7229-FBF8-4953-AE89-AE7FF8124B03}.Debug|Any CPU.Build.0 = Debug|iPhone
		{291F7229-FBF8-4953-AE89-AE7FF8124B03}.Debug|Any CPU.Deploy.0 = Debug|iPhone
		{291F7229-FBF8-4953-AE89-AE7FF8124B03}.Debug|iPhone.ActiveCfg = Debug|iPhone
		{291F7229-FBF8-4953-AE89-AE7FF8124B03}.Debug|iPhone.Build.0 = Debug|iPhone
		{291F7229-FBF8-4953-AE89-AE7FF8124B03}.Debug|iPhone.Deploy.0 = Debug|iPhone
		{291F7229-FBF8-4953-AE89-AE7FF8124B03}.Debug|iPhoneSimulator.ActiveCfg = Debug|iPhoneSimulator
		{291F7229-FBF8-4953-AE89-AE7FF8124B03}.Debug|iPhoneSimulator.Build.0 = Debug|iPhoneSimulator
		{291F7229-FBF8-4953-AE89-AE7FF8124B03}.Debug|iPhoneSimulator.Deploy.0 = Debug|iPhoneSimulator
		{291F7229-FBF8-4953-AE89-AE7FF8124B03}.Release|Any CPU.ActiveCfg = Release|iPhoneSimulator
		{291F7229-FBF8-4953-AE89-AE7FF8124B03}.Release|Any CPU.Build.0 = Release|iPhoneSimulator
		{291F7229-FBF8-4953-AE89-AE7FF8124B03}.Release|Any CPU.Deploy.0 = Release|iPhoneSimulator
		{291F7229-FBF8-4953-AE89-AE7FF8124B03}.Release|iPhone.ActiveCfg = Release|iPhone
		{291F7229-FBF8-4953-AE89-AE7FF8124B03}.Release|iPhone.Build.0 = Release|iPhone
		{291F7229-FBF8-4953-AE89-AE7FF8124B03}.Release|iPhone.Deploy.0 = Release|iPhone
		{291F7229-FBF8-4953-AE89-AE7FF8124B03}.Release|iPhoneSimulator.ActiveCfg = Release|iPhoneSimulator
		{291F7229-FBF8-4953-AE89-AE7FF8124B03}.Release|iPhoneSimulator.Build.0 = Release|iPhoneSimulator
		{291F7229-FBF8-4953-AE89-AE7FF8124B03}.Release|iPhoneSimulator.Deploy.0 = Release|iPhoneSimulator
		{539D89AC-7ACF-491A-AC8F-BE363359748F}.Debug|Any CPU.ActiveCfg = Debug|Any CPU
		{539D89AC-7ACF-491A-AC8F-BE363359748F}.Debug|Any CPU.Build.0 = Debug|Any CPU
		{539D89AC-7ACF-491A-AC8F-BE363359748F}.Debug|Any CPU.Deploy.0 = Debug|Any CPU
		{539D89AC-7ACF-491A-AC8F-BE363359748F}.Debug|iPhone.ActiveCfg = Debug|Any CPU
		{539D89AC-7ACF-491A-AC8F-BE363359748F}.Debug|iPhone.Build.0 = Debug|Any CPU
		{539D89AC-7ACF-491A-AC8F-BE363359748F}.Debug|iPhone.Deploy.0 = Debug|Any CPU
		{539D89AC-7ACF-491A-AC8F-BE363359748F}.Debug|iPhoneSimulator.ActiveCfg = Debug|Any CPU
		{539D89AC-7ACF-491A-AC8F-BE363359748F}.Debug|iPhoneSimulator.Build.0 = Debug|Any CPU
		{539D89AC-7ACF-491A-AC8F-BE363359748F}.Debug|iPhoneSimulator.Deploy.0 = Debug|Any CPU
		{539D89AC-7ACF-491A-AC8F-BE363359748F}.Release|Any CPU.ActiveCfg = Release|Any CPU
		{539D89AC-7ACF-491A-AC8F-BE363359748F}.Release|Any CPU.Build.0 = Release|Any CPU
		{539D89AC-7ACF-491A-AC8F-BE363359748F}.Release|Any CPU.Deploy.0 = Release|Any CPU
		{539D89AC-7ACF-491A-AC8F-BE363359748F}.Release|iPhone.ActiveCfg = Release|Any CPU
		{539D89AC-7ACF-491A-AC8F-BE363359748F}.Release|iPhone.Build.0 = Release|Any CPU
		{539D89AC-7ACF-491A-AC8F-BE363359748F}.Release|iPhone.Deploy.0 = Release|Any CPU
		{539D89AC-7ACF-491A-AC8F-BE363359748F}.Release|iPhoneSimulator.ActiveCfg = Release|Any CPU
		{539D89AC-7ACF-491A-AC8F-BE363359748F}.Release|iPhoneSimulator.Build.0 = Release|Any CPU
		{539D89AC-7ACF-491A-AC8F-BE363359748F}.Release|iPhoneSimulator.Deploy.0 = Release|Any CPU
	EndGlobalSection
	GlobalSection(SolutionProperties) = preSolution
		HideSolutionNode = FALSE
	EndGlobalSection
	GlobalSection(ExtensibilityGlobals) = postSolution
		SolutionGuid = {1B6D3215-67AD-4C6D-B304-91D87220F030}
	EndGlobalSection
EndGlobal
